// !$*UTF8*$!
{
	archiveVersion = 1;
	classes = {
	};
	objectVersion = 46;
	objects = {

/* Begin PBXBuildFile section */
		23185B5F1BAB8D2F0067849B /* MovieDetailsViewController.swift in Sources */ = {isa = PBXBuildFile; fileRef = 23185B5E1BAB8D2F0067849B /* MovieDetailsViewController.swift */; settings = {ASSET_TAGS = (); }; };
		2324E82D1BA92507003D3ED4 /* AppDelegate.swift in Sources */ = {isa = PBXBuildFile; fileRef = 2324E82C1BA92507003D3ED4 /* AppDelegate.swift */; };
		2324E8321BA92507003D3ED4 /* Main.storyboard in Resources */ = {isa = PBXBuildFile; fileRef = 2324E8301BA92507003D3ED4 /* Main.storyboard */; };
		2324E8341BA92507003D3ED4 /* Assets.xcassets in Resources */ = {isa = PBXBuildFile; fileRef = 2324E8331BA92507003D3ED4 /* Assets.xcassets */; };
		2324E8371BA92507003D3ED4 /* LaunchScreen.storyboard in Resources */ = {isa = PBXBuildFile; fileRef = 2324E8351BA92507003D3ED4 /* LaunchScreen.storyboard */; };
		2324E8411BA9268F003D3ED4 /* MoviesViewController.swift in Sources */ = {isa = PBXBuildFile; fileRef = 2324E8401BA9268F003D3ED4 /* MoviesViewController.swift */; settings = {ASSET_TAGS = (); }; };
		2324E8451BAB468C003D3ED4 /* MovieCell.swift in Sources */ = {isa = PBXBuildFile; fileRef = 2324E8441BAB468C003D3ED4 /* MovieCell.swift */; settings = {ASSET_TAGS = (); }; };
		A068236BFA44BA56520D0B04 /* libPods-RottenTomatoes.a in Frameworks */ = {isa = PBXBuildFile; fileRef = 2C8C7B5903CB126E42ACB048 /* libPods-RottenTomatoes.a */; };
/* End PBXBuildFile section */

/* Begin PBXFileReference section */
		23185B5E1BAB8D2F0067849B /* MovieDetailsViewController.swift */ = {isa = PBXFileReference; fileEncoding = 4; lastKnownFileType = sourcecode.swift; path = MovieDetailsViewController.swift; sourceTree = "<group>"; };
		2324E8291BA92507003D3ED4 /* RottenTomatoes.app */ = {isa = PBXFileReference; explicitFileType = wrapper.application; includeInIndex = 0; path = RottenTomatoes.app; sourceTree = BUILT_PRODUCTS_DIR; };
		2324E82C1BA92507003D3ED4 /* AppDelegate.swift */ = {isa = PBXFileReference; lastKnownFileType = sourcecode.swift; path = AppDelegate.swift; sourceTree = "<group>"; };
		2324E8311BA92507003D3ED4 /* Base */ = {isa = PBXFileReference; lastKnownFileType = file.storyboard; name = Base; path = Base.lproj/Main.storyboard; sourceTree = "<group>"; };
		2324E8331BA92507003D3ED4 /* Assets.xcassets */ = {isa = PBXFileReference; lastKnownFileType = folder.assetcatalog; path = Assets.xcassets; sourceTree = "<group>"; };
		2324E8361BA92507003D3ED4 /* Base */ = {isa = PBXFileReference; lastKnownFileType = file.storyboard; name = Base; path = Base.lproj/LaunchScreen.storyboard; sourceTree = "<group>"; };
		2324E8381BA92507003D3ED4 /* Info.plist */ = {isa = PBXFileReference; lastKnownFileType = text.plist.xml; path = Info.plist; sourceTree = "<group>"; };
		2324E8401BA9268F003D3ED4 /* MoviesViewController.swift */ = {isa = PBXFileReference; fileEncoding = 4; lastKnownFileType = sourcecode.swift; name = MoviesViewController.swift; path = ../MoviesViewController.swift; sourceTree = "<group>"; };
		2324E8441BAB468C003D3ED4 /* MovieCell.swift */ = {isa = PBXFileReference; fileEncoding = 4; lastKnownFileType = sourcecode.swift; path = MovieCell.swift; sourceTree = "<group>"; };
		2379E9981BAB85A500A76611 /* RottenTomatoes-Bridging-Header.h */ = {isa = PBXFileReference; lastKnownFileType = sourcecode.c.h; path = "RottenTomatoes-Bridging-Header.h"; sourceTree = "<group>"; };
		2C8C7B5903CB126E42ACB048 /* libPods-RottenTomatoes.a */ = {isa = PBXFileReference; explicitFileType = archive.ar; includeInIndex = 0; path = "libPods-RottenTomatoes.a"; sourceTree = BUILT_PRODUCTS_DIR; };
		538A5AA5A8AECCE1D0F53B1A /* Pods-RottenTomatoes.release.xcconfig */ = {isa = PBXFileReference; includeInIndex = 1; lastKnownFileType = text.xcconfig; name = "Pods-RottenTomatoes.release.xcconfig"; path = "Pods/Target Support Files/Pods-RottenTomatoes/Pods-RottenTomatoes.release.xcconfig"; sourceTree = "<group>"; };
		90E3D0541EE36E2B63A0D734 /* Pods-RottenTomatoes.debug.xcconfig */ = {isa = PBXFileReference; includeInIndex = 1; lastKnownFileType = text.xcconfig; name = "Pods-RottenTomatoes.debug.xcconfig"; path = "Pods/Target Support Files/Pods-RottenTomatoes/Pods-RottenTomatoes.debug.xcconfig"; sourceTree = "<group>"; };
/* End PBXFileReference section */

/* Begin PBXFrameworksBuildPhase section */
		2324E8261BA92507003D3ED4 /* Frameworks */ = {
			isa = PBXFrameworksBuildPhase;
			buildActionMask = 2147483647;
			files = (
				A068236BFA44BA56520D0B04 /* libPods-RottenTomatoes.a in Frameworks */,
			);
			runOnlyForDeploymentPostprocessing = 0;
		};
/* End PBXFrameworksBuildPhase section */

/* Begin PBXGroup section */
		0708CE5A5D4861CE0C233FA1 /* Frameworks */ = {
			isa = PBXGroup;
			children = (
				2C8C7B5903CB126E42ACB048 /* libPods-RottenTomatoes.a */,
			);
			name = Frameworks;
			sourceTree = "<group>";
		};
		2324E8201BA92507003D3ED4 = {
			isa = PBXGroup;
			children = (
				2324E82B1BA92507003D3ED4 /* RottenTomatoes */,
				2324E82A1BA92507003D3ED4 /* Products */,
				6D8847B267F13EF3F23A5F70 /* Pods */,
				0708CE5A5D4861CE0C233FA1 /* Frameworks */,
			);
			sourceTree = "<group>";
		};
		2324E82A1BA92507003D3ED4 /* Products */ = {
			isa = PBXGroup;
			children = (
				2324E8291BA92507003D3ED4 /* RottenTomatoes.app */,
			);
			name = Products;
			sourceTree = "<group>";
		};
		2324E82B1BA92507003D3ED4 /* RottenTomatoes */ = {
			isa = PBXGroup;
			children = (
				2324E8431BAB45EF003D3ED4 /* Views */,
				2324E8421BA92700003D3ED4 /* ViewControllers */,
				2324E82C1BA92507003D3ED4 /* AppDelegate.swift */,
				2324E8301BA92507003D3ED4 /* Main.storyboard */,
				2324E8331BA92507003D3ED4 /* Assets.xcassets */,
				2324E8351BA92507003D3ED4 /* LaunchScreen.storyboard */,
				2324E8381BA92507003D3ED4 /* Info.plist */,
			);
			path = RottenTomatoes;
			sourceTree = "<group>";
		};
		2324E8421BA92700003D3ED4 /* ViewControllers */ = {
			isa = PBXGroup;
			children = (
				2324E8401BA9268F003D3ED4 /* MoviesViewController.swift */,
				2379E9981BAB85A500A76611 /* RottenTomatoes-Bridging-Header.h */,
				23185B5E1BAB8D2F0067849B /* MovieDetailsViewController.swift */,
			);
			name = ViewControllers;
			sourceTree = "<group>";
		};
		2324E8431BAB45EF003D3ED4 /* Views */ = {
			isa = PBXGroup;
			children = (
				2324E8441BAB468C003D3ED4 /* MovieCell.swift */,
			);
			name = Views;
			sourceTree = "<group>";
		};
		6D8847B267F13EF3F23A5F70 /* Pods */ = {
			isa = PBXGroup;
			children = (
				90E3D0541EE36E2B63A0D734 /* Pods-RottenTomatoes.debug.xcconfig */,
				538A5AA5A8AECCE1D0F53B1A /* Pods-RottenTomatoes.release.xcconfig */,
			);
			name = Pods;
			sourceTree = "<group>";
		};
/* End PBXGroup section */

/* Begin PBXNativeTarget section */
		2324E8281BA92507003D3ED4 /* RottenTomatoes */ = {
			isa = PBXNativeTarget;
			buildConfigurationList = 2324E83B1BA92507003D3ED4 /* Build configuration list for PBXNativeTarget "RottenTomatoes" */;
			buildPhases = (
				7145E99C9401036A7F442391 /* Check Pods Manifest.lock */,
				2324E8251BA92507003D3ED4 /* Sources */,
				2324E8261BA92507003D3ED4 /* Frameworks */,
				2324E8271BA92507003D3ED4 /* Resources */,
				69379D8D50942644D0409123 /* Copy Pods Resources */,
			);
			buildRules = (
			);
			dependencies = (
			);
			name = RottenTomatoes;
			productName = RottenTomatoes;
			productReference = 2324E8291BA92507003D3ED4 /* RottenTomatoes.app */;
			productType = "com.apple.product-type.application";
		};
/* End PBXNativeTarget section */

/* Begin PBXProject section */
		2324E8211BA92507003D3ED4 /* Project object */ = {
			isa = PBXProject;
			attributes = {
				LastSwiftUpdateCheck = 0700;
				LastUpgradeCheck = 0700;
				ORGANIZATIONNAME = "Sudipta Bhowmik";
				TargetAttributes = {
					2324E8281BA92507003D3ED4 = {
						CreatedOnToolsVersion = 7.0;
					};
				};
			};
			buildConfigurationList = 2324E8241BA92507003D3ED4 /* Build configuration list for PBXProject "RottenTomatoes" */;
			compatibilityVersion = "Xcode 3.2";
			developmentRegion = English;
			hasScannedForEncodings = 0;
			knownRegions = (
				en,
				Base,
			);
			mainGroup = 2324E8201BA92507003D3ED4;
			productRefGroup = 2324E82A1BA92507003D3ED4 /* Products */;
			projectDirPath = "";
			projectRoot = "";
			targets = (
				2324E8281BA92507003D3ED4 /* RottenTomatoes */,
			);
		};
/* End PBXProject section */

/* Begin PBXResourcesBuildPhase section */
		2324E8271BA92507003D3ED4 /* Resources */ = {
			isa = PBXResourcesBuildPhase;
			buildActionMask = 2147483647;
			files = (
				2324E8371BA92507003D3ED4 /* LaunchScreen.storyboard in Resources */,
				2324E8341BA92507003D3ED4 /* Assets.xcassets in Resources */,
				2324E8321BA92507003D3ED4 /* Main.storyboard in Resources */,
			);
			runOnlyForDeploymentPostprocessing = 0;
		};
/* End PBXResourcesBuildPhase section */

/* Begin PBXShellScriptBuildPhase section */
		69379D8D50942644D0409123 /* Copy Pods Resources */ = {
			isa = PBXShellScriptBuildPhase;
			buildActionMask = 2147483647;
			files = (
			);
			inputPaths = (
			);
			name = "Copy Pods Resources";
			outputPaths = (
			);
			runOnlyForDeploymentPostprocessing = 0;
			shellPath = /bin/sh;
			shellScript = "\"${SRCROOT}/Pods/Target Support Files/Pods-RottenTomatoes/Pods-RottenTomatoes-resources.sh\"\n";
			showEnvVarsInLog = 0;
		};
		7145E99C9401036A7F442391 /* Check Pods Manifest.lock */ = {
			isa = PBXShellScriptBuildPhase;
			buildActionMask = 2147483647;
			files = (
			);
			inputPaths = (
			);
			name = "Check Pods Manifest.lock";
			outputPaths = (
			);
			runOnlyForDeploymentPostprocessing = 0;
			shellPath = /bin/sh;
			shellScript = "diff \"${PODS_ROOT}/../Podfile.lock\" \"${PODS_ROOT}/Manifest.lock\" > /dev/null\nif [[ $? != 0 ]] ; then\n    cat << EOM\nerror: The sandbox is not in sync with the Podfile.lock. Run 'pod install' or update your CocoaPods installation.\nEOM\n    exit 1\nfi\n";
			showEnvVarsInLog = 0;
		};
/* End PBXShellScriptBuildPhase section */

/* Begin PBXSourcesBuildPhase section */
		2324E8251BA92507003D3ED4 /* Sources */ = {
			isa = PBXSourcesBuildPhase;
			buildActionMask = 2147483647;
			files = (
				23185B5F1BAB8D2F0067849B /* MovieDetailsViewController.swift in Sources */,
				2324E82D1BA92507003D3ED4 /* AppDelegate.swift in Sources */,
				2324E8411BA9268F003D3ED4 /* MoviesViewController.swift in Sources */,
				2324E8451BAB468C003D3ED4 /* MovieCell.swift in Sources */,
			);
			runOnlyForDeploymentPostprocessing = 0;
		};
/* End PBXSourcesBuildPhase section */

/* Begin PBXVariantGroup section */
		2324E8301BA92507003D3ED4 /* Main.storyboard */ = {
			isa = PBXVariantGroup;
			children = (
				2324E8311BA92507003D3ED4 /* Base */,
			);
			name = Main.storyboard;
			sourceTree = "<group>";
		};
		2324E8351BA92507003D3ED4 /* LaunchScreen.storyboard */ = {
			isa = PBXVariantGroup;
			children = (
				2324E8361BA92507003D3ED4 /* Base */,
			);
			name = LaunchScreen.storyboard;
			sourceTree = "<group>";
		};
/* End PBXVariantGroup section */

/* Begin XCBuildConfiguration section */
		2324E8391BA92507003D3ED4 /* Debug */ = {
			isa = XCBuildConfiguration;
			buildSettings = {
				ALWAYS_SEARCH_USER_PATHS = NO;
				CLANG_CXX_LANGUAGE_STANDARD = "gnu++0x";
				CLANG_CXX_LIBRARY = "libc++";
				CLANG_ENABLE_MODULES = YES;
				CLANG_ENABLE_OBJC_ARC = YES;
				CLANG_WARN_BOOL_CONVERSION = YES;
				CLANG_WARN_CONSTANT_CONVERSION = YES;
				CLANG_WARN_DIRECT_OBJC_ISA_USAGE = YES_ERROR;
				CLANG_WARN_EMPTY_BODY = YES;
				CLANG_WARN_ENUM_CONVERSION = YES;
				CLANG_WARN_INT_CONVERSION = YES;
				CLANG_WARN_OBJC_ROOT_CLASS = YES_ERROR;
				CLANG_WARN_UNREACHABLE_CODE = YES;
				CLANG_WARN__DUPLICATE_METHOD_MATCH = YES;
				"CODE_SIGN_IDENTITY[sdk=iphoneos*]" = "iPhone Developer";
				COPY_PHASE_STRIP = NO;
				DEBUG_INFORMATION_FORMAT = dwarf;
				ENABLE_STRICT_OBJC_MSGSEND = YES;
				ENABLE_TESTABILITY = YES;
				GCC_C_LANGUAGE_STANDARD = gnu99;
				GCC_DYNAMIC_NO_PIC = NO;
				GCC_NO_COMMON_BLOCKS = YES;
				GCC_OPTIMIZATION_LEVEL = 0;
				GCC_PREPROCESSOR_DEFINITIONS = (
					"DEBUG=1",
					"$(inherited)",
				);
				GCC_WARN_64_TO_32_BIT_CONVERSION = YES;
				GCC_WARN_ABOUT_RETURN_TYPE = YES_ERROR;
				GCC_WARN_UNDECLARED_SELECTOR = YES;
				GCC_WARN_UNINITIALIZED_AUTOS = YES_AGGRESSIVE;
				GCC_WARN_UNUSED_FUNCTION = YES;
				GCC_WARN_UNUSED_VARIABLE = YES;
				IPHONEOS_DEPLOYMENT_TARGET = 9.0;
				MTL_ENABLE_DEBUG_INFO = YES;
				ONLY_ACTIVE_ARCH = YES;
				SDKROOT = iphoneos;
				SWIFT_OPTIMIZATION_LEVEL = "-Onone";
			};
			name = Debug;
		};
		2324E83A1BA92507003D3ED4 /* Release */ = {
			isa = XCBuildConfiguration;
			buildSettings = {
				ALWAYS_SEARCH_USER_PATHS = NO;
				CLANG_CXX_LANGUAGE_STANDARD = "gnu++0x";
				CLANG_CXX_LIBRARY = "libc++";
				CLANG_ENABLE_MODULES = YES;
				CLANG_ENABLE_OBJC_ARC = YES;
				CLANG_WARN_BOOL_CONVERSION = YES;
				CLANG_WARN_CONSTANT_CONVERSION = YES;
				CLANG_WARN_DIRECT_OBJC_ISA_USAGE = YES_ERROR;
				CLANG_WARN_EMPTY_BODY = YES;
				CLANG_WARN_ENUM_CONVERSION = YES;
				CLANG_WARN_INT_CONVERSION = YES;
				CLANG_WARN_OBJC_ROOT_CLASS = YES_ERROR;
				CLANG_WARN_UNREACHABLE_CODE = YES;
				CLANG_WARN__DUPLICATE_METHOD_MATCH = YES;
				"CODE_SIGN_IDENTITY[sdk=iphoneos*]" = "iPhone Developer";
				COPY_PHASE_STRIP = NO;
				DEBUG_INFORMATION_FORMAT = "dwarf-with-dsym";
				ENABLE_NS_ASSERTIONS = NO;
				ENABLE_STRICT_OBJC_MSGSEND = YES;
				GCC_C_LANGUAGE_STANDARD = gnu99;
				GCC_NO_COMMON_BLOCKS = YES;
				GCC_WARN_64_TO_32_BIT_CONVERSION = YES;
				GCC_WARN_ABOUT_RETURN_TYPE = YES_ERROR;
				GCC_WARN_UNDECLARED_SELECTOR = YES;
				GCC_WARN_UNINITIALIZED_AUTOS = YES_AGGRESSIVE;
				GCC_WARN_UNUSED_FUNCTION = YES;
				GCC_WARN_UNUSED_VARIABLE = YES;
				IPHONEOS_DEPLOYMENT_TARGET = 9.0;
				MTL_ENABLE_DEBUG_INFO = NO;
				SDKROOT = iphoneos;
				VALIDATE_PRODUCT = YES;
			};
			name = Release;
		};
		2324E83C1BA92507003D3ED4 /* Debug */ = {
			isa = XCBuildConfiguration;
			baseConfigurationReference = 90E3D0541EE36E2B63A0D734 /* Pods-RottenTomatoes.debug.xcconfig */;
			buildSettings = {
				ASSETCATALOG_COMPILER_APPICON_NAME = AppIcon;
				CLANG_ENABLE_MODULES = YES;
				INFOPLIST_FILE = RottenTomatoes/Info.plist;
				LD_RUNPATH_SEARCH_PATHS = "$(inherited) @executable_path/Frameworks";
				PRODUCT_BUNDLE_IDENTIFIER = sudipta.RottenTomatoes;
				PRODUCT_NAME = "$(TARGET_NAME)";
				SWIFT_OBJC_BRIDGING_HEADER = "RottenTomatoes/RottenTomatoes-Bridging-Header.h";
				SWIFT_OPTIMIZATION_LEVEL = "-Onone";
				TARGETED_DEVICE_FAMILY = 1;
			};
			name = Debug;
		};
		2324E83D1BA92507003D3ED4 /* Release */ = {
			isa = XCBuildConfiguration;
			baseConfigurationReference = 538A5AA5A8AECCE1D0F53B1A /* Pods-RottenTomatoes.release.xcconfig */;
			buildSettings = {
				ASSETCATALOG_COMPILER_APPICON_NAME = AppIcon;
				CLANG_ENABLE_MODULES = YES;
				INFOPLIST_FILE = RottenTomatoes/Info.plist;
				LD_RUNPATH_SEARCH_PATHS = "$(inherited) @executable_path/Frameworks";
				PRODUCT_BUNDLE_IDENTIFIER = sudipta.RottenTomatoes;
				PRODUCT_NAME = "$(TARGET_NAME)";
				SWIFT_OBJC_BRIDGING_HEADER = "RottenTomatoes/RottenTomatoes-Bridging-Header.h";
				TARGETED_DEVICE_FAMILY = 1;
			};
			name = Release;
		};
/* End XCBuildConfiguration section */

/* Begin XCConfigurationList section */
		2324E8241BA92507003D3ED4 /* Build configuration list for PBXProject "RottenTomatoes" */ = {
			isa = XCConfigurationList;
			buildConfigurations = (
				2324E8391BA92507003D3ED4 /* Debug */,
				2324E83A1BA92507003D3ED4 /* Release */,
			);
			defaultConfigurationIsVisible = 0;
			defaultConfigurationName = Release;
		};
		2324E83B1BA92507003D3ED4 /* Build configuration list for PBXNativeTarget "RottenTomatoes" */ = {
			isa = XCConfigurationList;
			buildConfigurations = (
				2324E83C1BA92507003D3ED4 /* Debug */,
				2324E83D1BA92507003D3ED4 /* Release */,
			);
			defaultConfigurationIsVisible = 0;
			defaultConfigurationName = Release;
		};
/* End XCConfigurationList section */
	};
	rootObject = 2324E8211BA92507003D3ED4 /* Project object */;
}
